
Microsoft Visual Studio Solution File, Format Version 12.00
# Visual Studio Version 17
VisualStudioVersion = 17.1.32210.238
MinimumVisualStudioVersion = 10.0.40219.1
Project("{FAE04EC0-301F-11D3-BF4B-00C04F79EFBC}") = "LeetCodeProblemTesting", "LeetCodeProblemTesting.csproj", "{0F1E0CB0-3E94-4ABE-8EF0-9005E580A85A}"
EndProject
Project("{FAE04EC0-301F-11D3-BF4B-00C04F79EFBC}") = "TestingGrounds", "..\TestingGrounds\TestingGrounds.csproj", "{FF393F61-A870-44B0-880C-5DED8C2CC17A}"
EndProject
Global
	GlobalSection(SolutionConfigurationPlatforms) = preSolution
		Debug|Any CPU = Debug|Any CPU
		Release|Any CPU = Release|Any CPU
	EndGlobalSection
	GlobalSection(ProjectConfigurationPlatforms) = postSolution
		{0F1E0CB0-3E94-4ABE-8EF0-9005E580A85A}.Debug|Any CPU.ActiveCfg = Debug|Any CPU
		{0F1E0CB0-3E94-4ABE-8EF0-9005E580A85A}.Debug|Any CPU.Build.0 = Debug|Any CPU
		{0F1E0CB0-3E94-4ABE-8EF0-9005E580A85A}.Release|Any CPU.ActiveCfg = Release|Any CPU
		{0F1E0CB0-3E94-4ABE-8EF0-9005E580A85A}.Release|Any CPU.Build.0 = Release|Any CPU
		{FF393F61-A870-44B0-880C-5DED8C2CC17A}.Debug|Any CPU.ActiveCfg = Debug|Any CPU
		{FF393F61-A870-44B0-880C-5DED8C2CC17A}.Debug|Any CPU.Build.0 = Debug|Any CPU
		{FF393F61-A870-44B0-880C-5DED8C2CC17A}.Release|Any CPU.ActiveCfg = Release|Any CPU
		{FF393F61-A870-44B0-880C-5DED8C2CC17A}.Release|Any CPU.Build.0 = Release|Any CPU
	EndGlobalSection
	GlobalSection(SolutionProperties) = preSolution
		HideSolutionNode = FALSE
	EndGlobalSection
	GlobalSection(ExtensibilityGlobals) = postSolution
		SolutionGuid = {08FC10AD-B21C-49BD-87CB-62072FCF4E11}
	EndGlobalSection
EndGlobal
