
Microsoft Visual Studio Solution File, Format Version 12.00
# Visual Studio Version 17
VisualStudioVersion = 17.2.32516.85
MinimumVisualStudioVersion = 10.0.40219.1
Project("{FAE04EC0-301F-11D3-BF4B-00C04F79EFBC}") = "TwoPointers", "TwoPointers\TwoPointers.csproj", "{6A04CD8F-A6D1-4F2F-A6E0-1EDD972E39E3}"
EndProject
Project("{FAE04EC0-301F-11D3-BF4B-00C04F79EFBC}") = "TwoPointersTest", "TwoPointersTest\TwoPointersTest.csproj", "{DA8E8913-3771-4BFA-8DF0-468FCB6E3D6C}"
EndProject
Global
	GlobalSection(SolutionConfigurationPlatforms) = preSolution
		Debug|Any CPU = Debug|Any CPU
		Release|Any CPU = Release|Any CPU
	EndGlobalSection
	GlobalSection(ProjectConfigurationPlatforms) = postSolution
		{6A04CD8F-A6D1-4F2F-A6E0-1EDD972E39E3}.Debug|Any CPU.ActiveCfg = Debug|Any CPU
		{6A04CD8F-A6D1-4F2F-A6E0-1EDD972E39E3}.Debug|Any CPU.Build.0 = Debug|Any CPU
		{6A04CD8F-A6D1-4F2F-A6E0-1EDD972E39E3}.Release|Any CPU.ActiveCfg = Release|Any CPU
		{6A04CD8F-A6D1-4F2F-A6E0-1EDD972E39E3}.Release|Any CPU.Build.0 = Release|Any CPU
		{DA8E8913-3771-4BFA-8DF0-468FCB6E3D6C}.Debug|Any CPU.ActiveCfg = Debug|Any CPU
		{DA8E8913-3771-4BFA-8DF0-468FCB6E3D6C}.Debug|Any CPU.Build.0 = Debug|Any CPU
		{DA8E8913-3771-4BFA-8DF0-468FCB6E3D6C}.Release|Any CPU.ActiveCfg = Release|Any CPU
		{DA8E8913-3771-4BFA-8DF0-468FCB6E3D6C}.Release|Any CPU.Build.0 = Release|Any CPU
	EndGlobalSection
	GlobalSection(SolutionProperties) = preSolution
		HideSolutionNode = FALSE
	EndGlobalSection
	GlobalSection(ExtensibilityGlobals) = postSolution
		SolutionGuid = {08F803A8-A054-4C10-9450-DA1525074667}
	EndGlobalSection
EndGlobal
